
Microsoft Visual Studio Solution File, Format Version 12.00
# Visual Studio 2012
Project("{FAE04EC0-301F-11D3-BF4B-00C04F79EFBC}") = "CodeCampDemo", "CodeCampDemo\CodeCampDemo.csproj", "{92A486E9-BBF9-4B6E-886D-695802EB6205}"
EndProject
Project("{2150E333-8FDC-42A3-9474-1A3956D46DE8}") = ".nuget", ".nuget", "{1754264C-221A-4B6C-A628-D69A8095E133}"
	ProjectSection(SolutionItems) = preProject
		.nuget\NuGet.Config = .nuget\NuGet.Config
		.nuget\NuGet.exe = .nuget\NuGet.exe
		.nuget\NuGet.targets = .nuget\NuGet.targets
	EndProjectSection
EndProject
Project("{2150E333-8FDC-42A3-9474-1A3956D46DE8}") = "README", "README", "{82143D7C-D4BE-4047-BFE8-471C5749B40D}"
	ProjectSection(SolutionItems) = preProject
		README.md = README.md
	EndProjectSection
EndProject
Global
	GlobalSection(SolutionConfigurationPlatforms) = preSolution
		Debug|Any CPU = Debug|Any CPU
		Release|Any CPU = Release|Any CPU
	EndGlobalSection
	GlobalSection(ProjectConfigurationPlatforms) = postSolution
		{92A486E9-BBF9-4B6E-886D-695802EB6205}.Debug|Any CPU.ActiveCfg = Debug|Any CPU
		{92A486E9-BBF9-4B6E-886D-695802EB6205}.Debug|Any CPU.Build.0 = Debug|Any CPU
		{92A486E9-BBF9-4B6E-886D-695802EB6205}.Release|Any CPU.ActiveCfg = Release|Any CPU
		{92A486E9-BBF9-4B6E-886D-695802EB6205}.Release|Any CPU.Build.0 = Release|Any CPU
	EndGlobalSection
	GlobalSection(SolutionProperties) = preSolution
		HideSolutionNode = FALSE
	EndGlobalSection
EndGlobal
